
Microsoft Visual Studio Solution File, Format Version 12.00
# Visual Studio Version 17
VisualStudioVersion = 17.0.32126.317
MinimumVisualStudioVersion = 10.0.40219.1
Project("{FAE04EC0-301F-11D3-BF4B-00C04F79EFBC}") = "Calc", "WindowsFormsApp1\Calc.csproj", "{A6432928-3B77-4306-96C5-913E5451C04D}"
EndProject
Project("{FAE04EC0-301F-11D3-BF4B-00C04F79EFBC}") = "TestCalc", "TestCalc\TestCalc.csproj", "{B75805AE-90C9-438D-B0D8-4C70AA58EDCF}"
EndProject
Global
	GlobalSection(SolutionConfigurationPlatforms) = preSolution
		Debug|Any CPU = Debug|Any CPU
		Release|Any CPU = Release|Any CPU
	EndGlobalSection
	GlobalSection(ProjectConfigurationPlatforms) = postSolution
		{A6432928-3B77-4306-96C5-913E5451C04D}.Debug|Any CPU.ActiveCfg = Debug|Any CPU
		{A6432928-3B77-4306-96C5-913E5451C04D}.Debug|Any CPU.Build.0 = Debug|Any CPU
		{A6432928-3B77-4306-96C5-913E5451C04D}.Release|Any CPU.ActiveCfg = Release|Any CPU
		{A6432928-3B77-4306-96C5-913E5451C04D}.Release|Any CPU.Build.0 = Release|Any CPU
		{B75805AE-90C9-438D-B0D8-4C70AA58EDCF}.Debug|Any CPU.ActiveCfg = Debug|Any CPU
		{B75805AE-90C9-438D-B0D8-4C70AA58EDCF}.Debug|Any CPU.Build.0 = Debug|Any CPU
		{B75805AE-90C9-438D-B0D8-4C70AA58EDCF}.Release|Any CPU.ActiveCfg = Release|Any CPU
		{B75805AE-90C9-438D-B0D8-4C70AA58EDCF}.Release|Any CPU.Build.0 = Release|Any CPU
	EndGlobalSection
	GlobalSection(SolutionProperties) = preSolution
		HideSolutionNode = FALSE
	EndGlobalSection
	GlobalSection(ExtensibilityGlobals) = postSolution
		SolutionGuid = {6AFD54A6-42E6-4B4D-9D6A-ECEBDC8D6824}
	EndGlobalSection
EndGlobal
